github.com/antonmedv/expr v1.1.4 h1:ReeidbMJQZsujmBaYdaCEtfAvSH5bd/HHApjhyorBlE=
github.com/antonmedv/expr v1.1.4/go.mod h1:AdVomDZyjUit6l23+Owki7ZHDtvJDjsaP4YmqB44OJA=
github.com/juju/errors v0.0.0-20190207033735-e65537c515d7/go.mod h1:W54LbzXuIE0boCoNJfwqpmkKJ1O4TCTZMetAt6jGk7Q=
github.com/kooksee/go-assert v0.0.0-20190325070004-fa7e623e7daf/go.mod h1:vg3RAOxaCHvcIFm4Tp3d0An7csmAbEh8XGbsi1oNuWk=
github.com/pubgo/assert v0.0.3/go.mod h1:QV8B3QTgu6t/sys9UZOHhCSBtXm/NR2qrn74yPUpgi4=
github.com/pubgo/assert v0.1.3/go.mod h1:bM4iDI3Stmf0nyhiEqeSmXO2uAvpFb1kodhwWqqsxnU=
github.com/pubgo/assert v0.1.4/go.mod h1:X/zYmmwKSmQauHDN+9ccpUqZ16zM++C6ztCkdm+KcX0=
github.com/pubgo/assert v0.1.14 h1:oWW2WYxsNHqSDC1oyy0NfEm6A9teH8zW1T2oHQddZOk=
github.com/pubgo/assert v0.1.14/go.mod h1:7+t+/GMcDoh3RBiyLLQHzXxIjzAaqc/S6EPC//n4aOs=
github.com/pubgo/assert v0.1.18 h1:ZWqaaTUOo9bJa8QTO94+SgjXieCe2zN8OUp5VaGVW7w=
github.com/pubgo/assert v0.1.18/go.mod h1:7+t+/GMcDoh3RBiyLLQHzXxIjzAaqc/S6EPC//n4aOs=
github.com/pubgo/assert v0.1.20 h1:I++klniZpLXDS37e1ELIdddusX1T77aqGcj0hy7o/s8=
github.com/pubgo/assert v0.1.20/go.mod h1:7+t+/GMcDoh3RBiyLLQHzXxIjzAaqc/S6EPC//n4aOs=
github.com/pubgo/gotry v0.0.9/go.mod h1:ebMbfJ6vIbeYMswERB6KHLukUP4Qmtvohw5S7Dr/aEo=
github.com/pubgo/gotry v0.1.2/go.mod h1:p9omhZLE4P5cdEF4PbweSOiLwp6qrIi2CpHSxrJc22g=
github.com/pubgo/gotry v0.1.3/go.mod h1:c5W1Fw+35gR5FtNrOlxwzwF6lsC+BKgjP5smDbtc0HQ=
